<Solution>
  <Folder Name="/src/">
    <Project Path="src/JrpgEngine/JrpgEngine.csproj" />
    <Project Path="src/JrpgGameHost/JrpgGameHost.csproj" />
    <Project Path="src/JrpgBattle.Abstractions/JrpgBattle.Abstractions.csproj" />
    <Project Path="src/JrpgBattle/JrpgBattle.csproj" />
  </Folder>
</Solution>